{
  "name": "metatron-nestjs",
  "version": "0.1.0",
  "lockfileVersion": 3,
  "requires": true,
  "packages": {
    "": {
      "name": "metatron-nestjs",
      "version": "0.1.0",
      "license": "MIT",
      "bin": {
        "metatron": "bin/metatron.js"
      },
      "devDependencies": {
        "metatron-nestjs": "github:daedalus1215/metatron-nestjs"
      },
      "engines": {
        "node": ">=18"
      }
    },
    "node_modules/metatron-nestjs": {
      "version": "0.1.0",
      "resolved": "git+ssh://git@github.com/daedalus1215/metatron-nestjs.git#c756d4218525b3f9314ee3a9f8be1ccd197e4d37",
      "dev": true,
      "license": "MIT",
      "bin": {
        "metatron": "bin/metatron.js"
      },
      "engines": {
        "node": ">=18"
      }
    }
  }
}
